// !$*UTF8*$!
{
	archiveVersion = 1;
	classes = {
	};
	objectVersion = 56;
	objects = {

/* Begin PBXBuildFile section */
		303B1F74296F158800537D4C /* ParimVHKApp.swift in Sources */ = {isa = PBXBuildFile; fileRef = 303B1F73296F158800537D4C /* ParimVHKApp.swift */; };
		303B1F76296F158800537D4C /* TimeLeft.swift in Sources */ = {isa = PBXBuildFile; fileRef = 303B1F75296F158800537D4C /* TimeLeft.swift */; };
		303B1F78296F158900537D4C /* Assets.xcassets in Resources */ = {isa = PBXBuildFile; fileRef = 303B1F77296F158900537D4C /* Assets.xcassets */; };
		303B1F7B296F158900537D4C /* Preview Assets.xcassets in Resources */ = {isa = PBXBuildFile; fileRef = 303B1F7A296F158900537D4C /* Preview Assets.xcassets */; };
		303B1F85296F158900537D4C /* ParimVHKTests.swift in Sources */ = {isa = PBXBuildFile; fileRef = 303B1F84296F158900537D4C /* ParimVHKTests.swift */; };
		303B1F8F296F158900537D4C /* ParimVHKUITests.swift in Sources */ = {isa = PBXBuildFile; fileRef = 303B1F8E296F158900537D4C /* ParimVHKUITests.swift */; };
		303B1F91296F158900537D4C /* ParimVHKUITestsLaunchTests.swift in Sources */ = {isa = PBXBuildFile; fileRef = 303B1F90296F158900537D4C /* ParimVHKUITestsLaunchTests.swift */; };
/* End PBXBuildFile section */

/* Begin PBXContainerItemProxy section */
		303B1F81296F158900537D4C /* PBXContainerItemProxy */ = {
			isa = PBXContainerItemProxy;
			containerPortal = 303B1F68296F158800537D4C /* Project object */;
			proxyType = 1;
			remoteGlobalIDString = 303B1F6F296F158800537D4C;
			remoteInfo = ParimVHK;
		};
		303B1F8B296F158900537D4C /* PBXContainerItemProxy */ = {
			isa = PBXContainerItemProxy;
			containerPortal = 303B1F68296F158800537D4C /* Project object */;
			proxyType = 1;
			remoteGlobalIDString = 303B1F6F296F158800537D4C;
			remoteInfo = ParimVHK;
		};
/* End PBXContainerItemProxy section */

/* Begin PBXFileReference section */
		303B1F70296F158800537D4C /* ParimVHK.app */ = {isa = PBXFileReference; explicitFileType = wrapper.application; includeInIndex = 0; path = ParimVHK.app; sourceTree = BUILT_PRODUCTS_DIR; };
		303B1F73296F158800537D4C /* ParimVHKApp.swift */ = {isa = PBXFileReference; lastKnownFileType = sourcecode.swift; path = ParimVHKApp.swift; sourceTree = "<group>"; };
		303B1F75296F158800537D4C /* TimeLeft.swift */ = {isa = PBXFileReference; lastKnownFileType = sourcecode.swift; path = TimeLeft.swift; sourceTree = "<group>"; };
		303B1F77296F158900537D4C /* Assets.xcassets */ = {isa = PBXFileReference; lastKnownFileType = folder.assetcatalog; path = Assets.xcassets; sourceTree = "<group>"; };
		303B1F7A296F158900537D4C /* Preview Assets.xcassets */ = {isa = PBXFileReference; lastKnownFileType = folder.assetcatalog; path = "Preview Assets.xcassets"; sourceTree = "<group>"; };
		303B1F80296F158900537D4C /* ParimVHKTests.xctest */ = {isa = PBXFileReference; explicitFileType = wrapper.cfbundle; includeInIndex = 0; path = ParimVHKTests.xctest; sourceTree = BUILT_PRODUCTS_DIR; };
		303B1F84296F158900537D4C /* ParimVHKTests.swift */ = {isa = PBXFileReference; lastKnownFileType = sourcecode.swift; path = ParimVHKTests.swift; sourceTree = "<group>"; };
		303B1F8A296F158900537D4C /* ParimVHKUITests.xctest */ = {isa = PBXFileReference; explicitFileType = wrapper.cfbundle; includeInIndex = 0; path = ParimVHKUITests.xctest; sourceTree = BUILT_PRODUCTS_DIR; };
		303B1F8E296F158900537D4C /* ParimVHKUITests.swift */ = {isa = PBXFileReference; lastKnownFileType = sourcecode.swift; path = ParimVHKUITests.swift; sourceTree = "<group>"; };
		303B1F90296F158900537D4C /* ParimVHKUITestsLaunchTests.swift */ = {isa = PBXFileReference; lastKnownFileType = sourcecode.swift; path = ParimVHKUITestsLaunchTests.swift; sourceTree = "<group>"; };
/* End PBXFileReference section */

/* Begin PBXFrameworksBuildPhase section */
		303B1F6D296F158800537D4C /* Frameworks */ = {
			isa = PBXFrameworksBuildPhase;
			buildActionMask = 2147483647;
			files = (
			);
			runOnlyForDeploymentPostprocessing = 0;
		};
		303B1F7D296F158900537D4C /* Frameworks */ = {
			isa = PBXFrameworksBuildPhase;
			buildActionMask = 2147483647;
			files = (
			);
			runOnlyForDeploymentPostprocessing = 0;
		};
		303B1F87296F158900537D4C /* Frameworks */ = {
			isa = PBXFrameworksBuildPhase;
			buildActionMask = 2147483647;
			files = (
			);
			runOnlyForDeploymentPostprocessing = 0;
		};
/* End PBXFrameworksBuildPhase section */

/* Begin PBXGroup section */
		303B1F67296F158800537D4C = {
			isa = PBXGroup;
			children = (
				303B1F72296F158800537D4C /* ParimVHK */,
				303B1F83296F158900537D4C /* ParimVHKTests */,
				303B1F8D296F158900537D4C /* ParimVHKUITests */,
				303B1F71296F158800537D4C /* Products */,
			);
			sourceTree = "<group>";
		};
		303B1F71296F158800537D4C /* Products */ = {
			isa = PBXGroup;
			children = (
				303B1F70296F158800537D4C /* ParimVHK.app */,
				303B1F80296F158900537D4C /* ParimVHKTests.xctest */,
				303B1F8A296F158900537D4C /* ParimVHKUITests.xctest */,
			);
			name = Products;
			sourceTree = "<group>";
		};
		303B1F72296F158800537D4C /* ParimVHK */ = {
			isa = PBXGroup;
			children = (
				303B1F73296F158800537D4C /* ParimVHKApp.swift */,
				303B1F75296F158800537D4C /* TimeLeft.swift */,
				303B1F77296F158900537D4C /* Assets.xcassets */,
				303B1F79296F158900537D4C /* Preview Content */,
			);
			path = ParimVHK;
			sourceTree = "<group>";
		};
		303B1F79296F158900537D4C /* Preview Content */ = {
			isa = PBXGroup;
			children = (
				303B1F7A296F158900537D4C /* Preview Assets.xcassets */,
			);
			path = "Preview Content";
			sourceTree = "<group>";
		};
		303B1F83296F158900537D4C /* ParimVHKTests */ = {
			isa = PBXGroup;
			children = (
				303B1F84296F158900537D4C /* ParimVHKTests.swift */,
			);
			path = ParimVHKTests;
			sourceTree = "<group>";
		};
		303B1F8D296F158900537D4C /* ParimVHKUITests */ = {
			isa = PBXGroup;
			children = (
				303B1F8E296F158900537D4C /* ParimVHKUITests.swift */,
				303B1F90296F158900537D4C /* ParimVHKUITestsLaunchTests.swift */,
			);
			path = ParimVHKUITests;
			sourceTree = "<group>";
		};
/* End PBXGroup section */

/* Begin PBXNativeTarget section */
		303B1F6F296F158800537D4C /* ParimVHK */ = {
			isa = PBXNativeTarget;
			buildConfigurationList = 303B1F94296F158900537D4C /* Build configuration list for PBXNativeTarget "ParimVHK" */;
			buildPhases = (
				303B1F6C296F158800537D4C /* Sources */,
				303B1F6D296F158800537D4C /* Frameworks */,
				303B1F6E296F158800537D4C /* Resources */,
			);
			buildRules = (
			);
			dependencies = (
			);
			name = ParimVHK;
			productName = ParimVHK;
			productReference = 303B1F70296F158800537D4C /* ParimVHK.app */;
			productType = "com.apple.product-type.application";
		};
		303B1F7F296F158900537D4C /* ParimVHKTests */ = {
			isa = PBXNativeTarget;
			buildConfigurationList = 303B1F97296F158900537D4C /* Build configuration list for PBXNativeTarget "ParimVHKTests" */;
			buildPhases = (
				303B1F7C296F158900537D4C /* Sources */,
				303B1F7D296F158900537D4C /* Frameworks */,
				303B1F7E296F158900537D4C /* Resources */,
			);
			buildRules = (
			);
			dependencies = (
				303B1F82296F158900537D4C /* PBXTargetDependency */,
			);
			name = ParimVHKTests;
			productName = ParimVHKTests;
			productReference = 303B1F80296F158900537D4C /* ParimVHKTests.xctest */;
			productType = "com.apple.product-type.bundle.unit-test";
		};
		303B1F89296F158900537D4C /* ParimVHKUITests */ = {
			isa = PBXNativeTarget;
			buildConfigurationList = 303B1F9A296F158900537D4C /* Build configuration list for PBXNativeTarget "ParimVHKUITests" */;
			buildPhases = (
				303B1F86296F158900537D4C /* Sources */,
				303B1F87296F158900537D4C /* Frameworks */,
				303B1F88296F158900537D4C /* Resources */,
			);
			buildRules = (
			);
			dependencies = (
				303B1F8C296F158900537D4C /* PBXTargetDependency */,
			);
			name = ParimVHKUITests;
			productName = ParimVHKUITests;
			productReference = 303B1F8A296F158900537D4C /* ParimVHKUITests.xctest */;
			productType = "com.apple.product-type.bundle.ui-testing";
		};
/* End PBXNativeTarget section */

/* Begin PBXProject section */
		303B1F68296F158800537D4C /* Project object */ = {
			isa = PBXProject;
			attributes = {
				BuildIndependentTargetsInParallel = 1;
				LastSwiftUpdateCheck = 1420;
				LastUpgradeCheck = 1420;
				TargetAttributes = {
					303B1F6F296F158800537D4C = {
						CreatedOnToolsVersion = 14.2;
					};
					303B1F7F296F158900537D4C = {
						CreatedOnToolsVersion = 14.2;
						TestTargetID = 303B1F6F296F158800537D4C;
					};
					303B1F89296F158900537D4C = {
						CreatedOnToolsVersion = 14.2;
						TestTargetID = 303B1F6F296F158800537D4C;
					};
				};
			};
			buildConfigurationList = 303B1F6B296F158800537D4C /* Build configuration list for PBXProject "ParimVHK" */;
			compatibilityVersion = "Xcode 14.0";
			developmentRegion = en;
			hasScannedForEncodings = 0;
			knownRegions = (
				en,
				Base,
			);
			mainGroup = 303B1F67296F158800537D4C;
			productRefGroup = 303B1F71296F158800537D4C /* Products */;
			projectDirPath = "";
			projectRoot = "";
			targets = (
				303B1F6F296F158800537D4C /* ParimVHK */,
				303B1F7F296F158900537D4C /* ParimVHKTests */,
				303B1F89296F158900537D4C /* ParimVHKUITests */,
			);
		};
/* End PBXProject section */

/* Begin PBXResourcesBuildPhase section */
		303B1F6E296F158800537D4C /* Resources */ = {
			isa = PBXResourcesBuildPhase;
			buildActionMask = 2147483647;
			files = (
				303B1F7B296F158900537D4C /* Preview Assets.xcassets in Resources */,
				303B1F78296F158900537D4C /* Assets.xcassets in Resources */,
			);
			runOnlyForDeploymentPostprocessing = 0;
		};
		303B1F7E296F158900537D4C /* Resources */ = {
			isa = PBXResourcesBuildPhase;
			buildActionMask = 2147483647;
			files = (
			);
			runOnlyForDeploymentPostprocessing = 0;
		};
		303B1F88296F158900537D4C /* Resources */ = {
			isa = PBXResourcesBuildPhase;
			buildActionMask = 2147483647;
			files = (
			);
			runOnlyForDeploymentPostprocessing = 0;
		};
/* End PBXResourcesBuildPhase section */

/* Begin PBXSourcesBuildPhase section */
		303B1F6C296F158800537D4C /* Sources */ = {
			isa = PBXSourcesBuildPhase;
			buildActionMask = 2147483647;
			files = (
				303B1F76296F158800537D4C /* TimeLeft.swift in Sources */,
				303B1F74296F158800537D4C /* ParimVHKApp.swift in Sources */,
			);
			runOnlyForDeploymentPostprocessing = 0;
		};
		303B1F7C296F158900537D4C /* Sources */ = {
			isa = PBXSourcesBuildPhase;
			buildActionMask = 2147483647;
			files = (
				303B1F85296F158900537D4C /* ParimVHKTests.swift in Sources */,
			);
			runOnlyForDeploymentPostprocessing = 0;
		};
		303B1F86296F158900537D4C /* Sources */ = {
			isa = PBXSourcesBuildPhase;
			buildActionMask = 2147483647;
			files = (
				303B1F91296F158900537D4C /* ParimVHKUITestsLaunchTests.swift in Sources */,
				303B1F8F296F158900537D4C /* ParimVHKUITests.swift in Sources */,
			);
			runOnlyForDeploymentPostprocessing = 0;
		};
/* End PBXSourcesBuildPhase section */

/* Begin PBXTargetDependency section */
		303B1F82296F158900537D4C /* PBXTargetDependency */ = {
			isa = PBXTargetDependency;
			target = 303B1F6F296F158800537D4C /* ParimVHK */;
			targetProxy = 303B1F81296F158900537D4C /* PBXContainerItemProxy */;
		};
		303B1F8C296F158900537D4C /* PBXTargetDependency */ = {
			isa = PBXTargetDependency;
			target = 303B1F6F296F158800537D4C /* ParimVHK */;
			targetProxy = 303B1F8B296F158900537D4C /* PBXContainerItemProxy */;
		};
/* End PBXTargetDependency section */

/* Begin XCBuildConfiguration section */
		303B1F92296F158900537D4C /* Debug */ = {
			isa = XCBuildConfiguration;
			buildSettings = {
				ALWAYS_SEARCH_USER_PATHS = NO;
				CLANG_ANALYZER_NONNULL = YES;
				CLANG_ANALYZER_NUMBER_OBJECT_CONVERSION = YES_AGGRESSIVE;
				CLANG_CXX_LANGUAGE_STANDARD = "gnu++20";
				CLANG_ENABLE_MODULES = YES;
				CLANG_ENABLE_OBJC_ARC = YES;
				CLANG_ENABLE_OBJC_WEAK = YES;
				CLANG_WARN_BLOCK_CAPTURE_AUTORELEASING = YES;
				CLANG_WARN_BOOL_CONVERSION = YES;
				CLANG_WARN_COMMA = YES;
				CLANG_WARN_CONSTANT_CONVERSION = YES;
				CLANG_WARN_DEPRECATED_OBJC_IMPLEMENTATIONS = YES;
				CLANG_WARN_DIRECT_OBJC_ISA_USAGE = YES_ERROR;
				CLANG_WARN_DOCUMENTATION_COMMENTS = YES;
				CLANG_WARN_EMPTY_BODY = YES;
				CLANG_WARN_ENUM_CONVERSION = YES;
				CLANG_WARN_INFINITE_RECURSION = YES;
				CLANG_WARN_INT_CONVERSION = YES;
				CLANG_WARN_NON_LITERAL_NULL_CONVERSION = YES;
				CLANG_WARN_OBJC_IMPLICIT_RETAIN_SELF = YES;
				CLANG_WARN_OBJC_LITERAL_CONVERSION = YES;
				CLANG_WARN_OBJC_ROOT_CLASS = YES_ERROR;
				CLANG_WARN_QUOTED_INCLUDE_IN_FRAMEWORK_HEADER = YES;
				CLANG_WARN_RANGE_LOOP_ANALYSIS = YES;
				CLANG_WARN_STRICT_PROTOTYPES = YES;
				CLANG_WARN_SUSPICIOUS_MOVE = YES;
				CLANG_WARN_UNGUARDED_AVAILABILITY = YES_AGGRESSIVE;
				CLANG_WARN_UNREACHABLE_CODE = YES;
				CLANG_WARN__DUPLICATE_METHOD_MATCH = YES;
				COPY_PHASE_STRIP = NO;
				DEBUG_INFORMATION_FORMAT = dwarf;
				ENABLE_STRICT_OBJC_MSGSEND = YES;
				ENABLE_TESTABILITY = YES;
				GCC_C_LANGUAGE_STANDARD = gnu11;
				GCC_DYNAMIC_NO_PIC = NO;
				GCC_NO_COMMON_BLOCKS = YES;
				GCC_OPTIMIZATION_LEVEL = 0;
				GCC_PREPROCESSOR_DEFINITIONS = (
					"DEBUG=1",
					"$(inherited)",
				);
				GCC_WARN_64_TO_32_BIT_CONVERSION = YES;
				GCC_WARN_ABOUT_RETURN_TYPE = YES_ERROR;
				GCC_WARN_UNDECLARED_SELECTOR = YES;
				GCC_WARN_UNINITIALIZED_AUTOS = YES_AGGRESSIVE;
				GCC_WARN_UNUSED_FUNCTION = YES;
				GCC_WARN_UNUSED_VARIABLE = YES;
				IPHONEOS_DEPLOYMENT_TARGET = 16.2;
				MTL_ENABLE_DEBUG_INFO = INCLUDE_SOURCE;
				MTL_FAST_MATH = YES;
				ONLY_ACTIVE_ARCH = YES;
				SDKROOT = iphoneos;
				SWIFT_ACTIVE_COMPILATION_CONDITIONS = DEBUG;
				SWIFT_OPTIMIZATION_LEVEL = "-Onone";
			};
			name = Debug;
		};
		303B1F93296F158900537D4C /* Release */ = {
			isa = XCBuildConfiguration;
			buildSettings = {
				ALWAYS_SEARCH_USER_PATHS = NO;
				CLANG_ANALYZER_NONNULL = YES;
				CLANG_ANALYZER_NUMBER_OBJECT_CONVERSION = YES_AGGRESSIVE;
				CLANG_CXX_LANGUAGE_STANDARD = "gnu++20";
				CLANG_ENABLE_MODULES = YES;
				CLANG_ENABLE_OBJC_ARC = YES;
				CLANG_ENABLE_OBJC_WEAK = YES;
				CLANG_WARN_BLOCK_CAPTURE_AUTORELEASING = YES;
				CLANG_WARN_BOOL_CONVERSION = YES;
				CLANG_WARN_COMMA = YES;
				CLANG_WARN_CONSTANT_CONVERSION = YES;
				CLANG_WARN_DEPRECATED_OBJC_IMPLEMENTATIONS = YES;
				CLANG_WARN_DIRECT_OBJC_ISA_USAGE = YES_ERROR;
				CLANG_WARN_DOCUMENTATION_COMMENTS = YES;
				CLANG_WARN_EMPTY_BODY = YES;
				CLANG_WARN_ENUM_CONVERSION = YES;
				CLANG_WARN_INFINITE_RECURSION = YES;
				CLANG_WARN_INT_CONVERSION = YES;
				CLANG_WARN_NON_LITERAL_NULL_CONVERSION = YES;
				CLANG_WARN_OBJC_IMPLICIT_RETAIN_SELF = YES;
				CLANG_WARN_OBJC_LITERAL_CONVERSION = YES;
				CLANG_WARN_OBJC_ROOT_CLASS = YES_ERROR;
				CLANG_WARN_QUOTED_INCLUDE_IN_FRAMEWORK_HEADER = YES;
				CLANG_WARN_RANGE_LOOP_ANALYSIS = YES;
				CLANG_WARN_STRICT_PROTOTYPES = YES;
				CLANG_WARN_SUSPICIOUS_MOVE = YES;
				CLANG_WARN_UNGUARDED_AVAILABILITY = YES_AGGRESSIVE;
				CLANG_WARN_UNREACHABLE_CODE = YES;
				CLANG_WARN__DUPLICATE_METHOD_MATCH = YES;
				COPY_PHASE_STRIP = NO;
				DEBUG_INFORMATION_FORMAT = "dwarf-with-dsym";
				ENABLE_NS_ASSERTIONS = NO;
				ENABLE_STRICT_OBJC_MSGSEND = YES;
				GCC_C_LANGUAGE_STANDARD = gnu11;
				GCC_NO_COMMON_BLOCKS = YES;
				GCC_WARN_64_TO_32_BIT_CONVERSION = YES;
				GCC_WARN_ABOUT_RETURN_TYPE = YES_ERROR;
				GCC_WARN_UNDECLARED_SELECTOR = YES;
				GCC_WARN_UNINITIALIZED_AUTOS = YES_AGGRESSIVE;
				GCC_WARN_UNUSED_FUNCTION = YES;
				GCC_WARN_UNUSED_VARIABLE = YES;
				IPHONEOS_DEPLOYMENT_TARGET = 16.2;
				MTL_ENABLE_DEBUG_INFO = NO;
				MTL_FAST_MATH = YES;
				SDKROOT = iphoneos;
				SWIFT_COMPILATION_MODE = wholemodule;
				SWIFT_OPTIMIZATION_LEVEL = "-O";
				VALIDATE_PRODUCT = YES;
			};
			name = Release;
		};
		303B1F95296F158900537D4C /* Debug */ = {
			isa = XCBuildConfiguration;
			buildSettings = {
				ASSETCATALOG_COMPILER_APPICON_NAME = AppIcon;
				ASSETCATALOG_COMPILER_GLOBAL_ACCENT_COLOR_NAME = AccentColor;
				CODE_SIGN_STYLE = Automatic;
				CURRENT_PROJECT_VERSION = 1;
				DEVELOPMENT_ASSET_PATHS = "\"ParimVHK/Preview Content\"";
				DEVELOPMENT_TEAM = MH67VTCH95;
				ENABLE_PREVIEWS = YES;
				GENERATE_INFOPLIST_FILE = YES;
				INFOPLIST_KEY_UIApplicationSceneManifest_Generation = YES;
				INFOPLIST_KEY_UIApplicationSupportsIndirectInputEvents = YES;
				INFOPLIST_KEY_UILaunchScreen_Generation = YES;
				INFOPLIST_KEY_UISupportedInterfaceOrientations_iPad = "UIInterfaceOrientationPortrait UIInterfaceOrientationPortraitUpsideDown UIInterfaceOrientationLandscapeLeft UIInterfaceOrientationLandscapeRight";
				INFOPLIST_KEY_UISupportedInterfaceOrientations_iPhone = "UIInterfaceOrientationPortrait UIInterfaceOrientationLandscapeLeft UIInterfaceOrientationLandscapeRight";
				LD_RUNPATH_SEARCH_PATHS = (
					"$(inherited)",
					"@executable_path/Frameworks",
				);
				MARKETING_VERSION = 1.0;
				PRODUCT_BUNDLE_IDENTIFIER = evakazakovskaia.ParimVHK;
				PRODUCT_NAME = "$(TARGET_NAME)";
				SWIFT_EMIT_LOC_STRINGS = YES;
				SWIFT_VERSION = 5.0;
				TARGETED_DEVICE_FAMILY = "1,2";
			};
			name = Debug;
		};
		303B1F96296F158900537D4C /* Release */ = {
			isa = XCBuildConfiguration;
			buildSettings = {
				ASSETCATALOG_COMPILER_APPICON_NAME = AppIcon;
				ASSETCATALOG_COMPILER_GLOBAL_ACCENT_COLOR_NAME = AccentColor;
				CODE_SIGN_STYLE = Automatic;
				CURRENT_PROJECT_VERSION = 1;
				DEVELOPMENT_ASSET_PATHS = "\"ParimVHK/Preview Content\"";
				DEVELOPMENT_TEAM = MH67VTCH95;
				ENABLE_PREVIEWS = YES;
				GENERATE_INFOPLIST_FILE = YES;
				INFOPLIST_KEY_UIApplicationSceneManifest_Generation = YES;
				INFOPLIST_KEY_UIApplicationSupportsIndirectInputEvents = YES;
				INFOPLIST_KEY_UILaunchScreen_Generation = YES;
				INFOPLIST_KEY_UISupportedInterfaceOrientations_iPad = "UIInterfaceOrientationPortrait UIInterfaceOrientationPortraitUpsideDown UIInterfaceOrientationLandscapeLeft UIInterfaceOrientationLandscapeRight";
				INFOPLIST_KEY_UISupportedInterfaceOrientations_iPhone = "UIInterfaceOrientationPortrait UIInterfaceOrientationLandscapeLeft UIInterfaceOrientationLandscapeRight";
				LD_RUNPATH_SEARCH_PATHS = (
					"$(inherited)",
					"@executable_path/Frameworks",
				);
				MARKETING_VERSION = 1.0;
				PRODUCT_BUNDLE_IDENTIFIER = evakazakovskaia.ParimVHK;
				PRODUCT_NAME = "$(TARGET_NAME)";
				SWIFT_EMIT_LOC_STRINGS = YES;
				SWIFT_VERSION = 5.0;
				TARGETED_DEVICE_FAMILY = "1,2";
			};
			name = Release;
		};
		303B1F98296F158900537D4C /* Debug */ = {
			isa = XCBuildConfiguration;
			buildSettings = {
				ALWAYS_EMBED_SWIFT_STANDARD_LIBRARIES = YES;
				BUNDLE_LOADER = "$(TEST_HOST)";
				CODE_SIGN_STYLE = Automatic;
				CURRENT_PROJECT_VERSION = 1;
				DEVELOPMENT_TEAM = MH67VTCH95;
				GENERATE_INFOPLIST_FILE = YES;
				IPHONEOS_DEPLOYMENT_TARGET = 16.2;
				MARKETING_VERSION = 1.0;
				PRODUCT_BUNDLE_IDENTIFIER = evakazakovskaia.ParimVHKTests;
				PRODUCT_NAME = "$(TARGET_NAME)";
				SWIFT_EMIT_LOC_STRINGS = NO;
				SWIFT_VERSION = 5.0;
				TARGETED_DEVICE_FAMILY = "1,2";
				TEST_HOST = "$(BUILT_PRODUCTS_DIR)/ParimVHK.app/$(BUNDLE_EXECUTABLE_FOLDER_PATH)/ParimVHK";
			};
			name = Debug;
		};
		303B1F99296F158900537D4C /* Release */ = {
			isa = XCBuildConfiguration;
			buildSettings = {
				ALWAYS_EMBED_SWIFT_STANDARD_LIBRARIES = YES;
				BUNDLE_LOADER = "$(TEST_HOST)";
				CODE_SIGN_STYLE = Automatic;
				CURRENT_PROJECT_VERSION = 1;
				DEVELOPMENT_TEAM = MH67VTCH95;
				GENERATE_INFOPLIST_FILE = YES;
				IPHONEOS_DEPLOYMENT_TARGET = 16.2;
				MARKETING_VERSION = 1.0;
				PRODUCT_BUNDLE_IDENTIFIER = evakazakovskaia.ParimVHKTests;
				PRODUCT_NAME = "$(TARGET_NAME)";
				SWIFT_EMIT_LOC_STRINGS = NO;
				SWIFT_VERSION = 5.0;
				TARGETED_DEVICE_FAMILY = "1,2";
				TEST_HOST = "$(BUILT_PRODUCTS_DIR)/ParimVHK.app/$(BUNDLE_EXECUTABLE_FOLDER_PATH)/ParimVHK";
			};
			name = Release;
		};
		303B1F9B296F158900537D4C /* Debug */ = {
			isa = XCBuildConfiguration;
			buildSettings = {
				ALWAYS_EMBED_SWIFT_STANDARD_LIBRARIES = YES;
				CODE_SIGN_STYLE = Automatic;
				CURRENT_PROJECT_VERSION = 1;
				DEVELOPMENT_TEAM = MH67VTCH95;
				GENERATE_INFOPLIST_FILE = YES;
				MARKETING_VERSION = 1.0;
				PRODUCT_BUNDLE_IDENTIFIER = evakazakovskaia.ParimVHKUITests;
				PRODUCT_NAME = "$(TARGET_NAME)";
				SWIFT_EMIT_LOC_STRINGS = NO;
				SWIFT_VERSION = 5.0;
				TARGETED_DEVICE_FAMILY = "1,2";
				TEST_TARGET_NAME = ParimVHK;
			};
			name = Debug;
		};
		303B1F9C296F158900537D4C /* Release */ = {
			isa = XCBuildConfiguration;
			buildSettings = {
				ALWAYS_EMBED_SWIFT_STANDARD_LIBRARIES = YES;
				CODE_SIGN_STYLE = Automatic;
				CURRENT_PROJECT_VERSION = 1;
				DEVELOPMENT_TEAM = MH67VTCH95;
				GENERATE_INFOPLIST_FILE = YES;
				MARKETING_VERSION = 1.0;
				PRODUCT_BUNDLE_IDENTIFIER = evakazakovskaia.ParimVHKUITests;
				PRODUCT_NAME = "$(TARGET_NAME)";
				SWIFT_EMIT_LOC_STRINGS = NO;
				SWIFT_VERSION = 5.0;
				TARGETED_DEVICE_FAMILY = "1,2";
				TEST_TARGET_NAME = ParimVHK;
			};
			name = Release;
		};
/* End XCBuildConfiguration section */

/* Begin XCConfigurationList section */
		303B1F6B296F158800537D4C /* Build configuration list for PBXProject "ParimVHK" */ = {
			isa = XCConfigurationList;
			buildConfigurations = (
				303B1F92296F158900537D4C /* Debug */,
				303B1F93296F158900537D4C /* Release */,
			);
			defaultConfigurationIsVisible = 0;
			defaultConfigurationName = Release;
		};
		303B1F94296F158900537D4C /* Build configuration list for PBXNativeTarget "ParimVHK" */ = {
			isa = XCConfigurationList;
			buildConfigurations = (
				303B1F95296F158900537D4C /* Debug */,
				303B1F96296F158900537D4C /* Release */,
			);
			defaultConfigurationIsVisible = 0;
			defaultConfigurationName = Release;
		};
		303B1F97296F158900537D4C /* Build configuration list for PBXNativeTarget "ParimVHKTests" */ = {
			isa = XCConfigurationList;
			buildConfigurations = (
				303B1F98296F158900537D4C /* Debug */,
				303B1F99296F158900537D4C /* Release */,
			);
			defaultConfigurationIsVisible = 0;
			defaultConfigurationName = Release;
		};
		303B1F9A296F158900537D4C /* Build configuration list for PBXNativeTarget "ParimVHKUITests" */ = {
			isa = XCConfigurationList;
			buildConfigurations = (
				303B1F9B296F158900537D4C /* Debug */,
				303B1F9C296F158900537D4C /* Release */,
			);
			defaultConfigurationIsVisible = 0;
			defaultConfigurationName = Release;
		};
/* End XCConfigurationList section */
	};
	rootObject = 303B1F68296F158800537D4C /* Project object */;
}
